// !$*UTF8*$!
{
	archiveVersion = 1;
	classes = {
	};
	objectVersion = 46;
	objects = {

/* Begin PBXBuildFile section */
		160A9EF51ED203D900933F7E /* ManagerViewController.swift in Sources */ = {isa = PBXBuildFile; fileRef = 160A9EF41ED203D900933F7E /* ManagerViewController.swift */; };
		160A9EF71ED21DF800933F7E /* UdacityUser.swift in Sources */ = {isa = PBXBuildFile; fileRef = 160A9EF61ED21DF800933F7E /* UdacityUser.swift */; };
		160C995A1EC3F628008B0399 /* UDConstants.swift in Sources */ = {isa = PBXBuildFile; fileRef = 160C99591EC3F628008B0399 /* UDConstants.swift */; };
		160C995C1EC634E6008B0399 /* Assets.xcassets in Resources */ = {isa = PBXBuildFile; fileRef = 160C995B1EC634E6008B0399 /* Assets.xcassets */; };
		160C995E1EC63926008B0399 /* MapViewController.swift in Sources */ = {isa = PBXBuildFile; fileRef = 160C995D1EC63926008B0399 /* MapViewController.swift */; };
		160C99611EC640BA008B0399 /* ListViewController.swift in Sources */ = {isa = PBXBuildFile; fileRef = 160C99601EC640BA008B0399 /* ListViewController.swift */; };
		163045381ED1391400FC518F /* FindLocationViewController.swift in Sources */ = {isa = PBXBuildFile; fileRef = 163045371ED1391400FC518F /* FindLocationViewController.swift */; };
		1691C97A1EC1DD0800758BCF /* AppDelegate.swift in Sources */ = {isa = PBXBuildFile; fileRef = 1691C9791EC1DD0800758BCF /* AppDelegate.swift */; };
		1691C97C1EC1DD0800758BCF /* LoginViewController.swift in Sources */ = {isa = PBXBuildFile; fileRef = 1691C97B1EC1DD0800758BCF /* LoginViewController.swift */; };
		1691C97F1EC1DD0800758BCF /* Main.storyboard in Resources */ = {isa = PBXBuildFile; fileRef = 1691C97D1EC1DD0800758BCF /* Main.storyboard */; };
		1691C9841EC1DD0800758BCF /* LaunchScreen.storyboard in Resources */ = {isa = PBXBuildFile; fileRef = 1691C9821EC1DD0800758BCF /* LaunchScreen.storyboard */; };
		1691C98C1EC1DE5000758BCF /* PSConstants.swift in Sources */ = {isa = PBXBuildFile; fileRef = 1691C98B1EC1DE5000758BCF /* PSConstants.swift */; };
		1691C98E1EC1E32A00758BCF /* StudentLocation.swift in Sources */ = {isa = PBXBuildFile; fileRef = 1691C98D1EC1E32A00758BCF /* StudentLocation.swift */; };
		1691C9901EC226FB00758BCF /* UDClient.swift in Sources */ = {isa = PBXBuildFile; fileRef = 1691C98F1EC226FB00758BCF /* UDClient.swift */; };
		1691C9921EC2273400758BCF /* PSClient.swift in Sources */ = {isa = PBXBuildFile; fileRef = 1691C9911EC2273400758BCF /* PSClient.swift */; };
		16F940931ED496C00070F9C7 /* UMNetworking.swift in Sources */ = {isa = PBXBuildFile; fileRef = 16F940921ED496C00070F9C7 /* UMNetworking.swift */; };
		16F940951ED4BA9D0070F9C7 /* UdacitySession.swift in Sources */ = {isa = PBXBuildFile; fileRef = 16F940941ED4BA9D0070F9C7 /* UdacitySession.swift */; };
		16FD229F1ED5A0E600D49960 /* OMData.swift in Sources */ = {isa = PBXBuildFile; fileRef = 16FD229E1ED5A0E600D49960 /* OMData.swift */; };
		16FD22A11ED5DFF900D49960 /* Constants.swift in Sources */ = {isa = PBXBuildFile; fileRef = 16FD22A01ED5DFF900D49960 /* Constants.swift */; };
		83F417E34152EC8DD47C8FEA /* Pods_udacity_on_the_map.framework in Frameworks */ = {isa = PBXBuildFile; fileRef = EA83F37936D37F3191BBA66B /* Pods_udacity_on_the_map.framework */; };
/* End PBXBuildFile section */

/* Begin PBXFileReference section */
		160A9EF41ED203D900933F7E /* ManagerViewController.swift */ = {isa = PBXFileReference; fileEncoding = 4; lastKnownFileType = sourcecode.swift; path = ManagerViewController.swift; sourceTree = "<group>"; };
		160A9EF61ED21DF800933F7E /* UdacityUser.swift */ = {isa = PBXFileReference; fileEncoding = 4; lastKnownFileType = sourcecode.swift; path = UdacityUser.swift; sourceTree = "<group>"; };
		160C99591EC3F628008B0399 /* UDConstants.swift */ = {isa = PBXFileReference; fileEncoding = 4; lastKnownFileType = sourcecode.swift; path = UDConstants.swift; sourceTree = "<group>"; };
		160C995B1EC634E6008B0399 /* Assets.xcassets */ = {isa = PBXFileReference; lastKnownFileType = folder.assetcatalog; path = Assets.xcassets; sourceTree = "<group>"; };
		160C995D1EC63926008B0399 /* MapViewController.swift */ = {isa = PBXFileReference; fileEncoding = 4; lastKnownFileType = sourcecode.swift; path = MapViewController.swift; sourceTree = "<group>"; };
		160C99601EC640BA008B0399 /* ListViewController.swift */ = {isa = PBXFileReference; fileEncoding = 4; lastKnownFileType = sourcecode.swift; path = ListViewController.swift; sourceTree = "<group>"; };
		163045371ED1391400FC518F /* FindLocationViewController.swift */ = {isa = PBXFileReference; fileEncoding = 4; lastKnownFileType = sourcecode.swift; path = FindLocationViewController.swift; sourceTree = "<group>"; };
		1691C9761EC1DD0800758BCF /* udacity-on-the-map.app */ = {isa = PBXFileReference; explicitFileType = wrapper.application; includeInIndex = 0; path = "udacity-on-the-map.app"; sourceTree = BUILT_PRODUCTS_DIR; };
		1691C9791EC1DD0800758BCF /* AppDelegate.swift */ = {isa = PBXFileReference; lastKnownFileType = sourcecode.swift; path = AppDelegate.swift; sourceTree = "<group>"; };
		1691C97B1EC1DD0800758BCF /* LoginViewController.swift */ = {isa = PBXFileReference; lastKnownFileType = sourcecode.swift; path = LoginViewController.swift; sourceTree = "<group>"; };
		1691C97E1EC1DD0800758BCF /* Base */ = {isa = PBXFileReference; lastKnownFileType = file.storyboard; name = Base; path = Base.lproj/Main.storyboard; sourceTree = "<group>"; };
		1691C9831EC1DD0800758BCF /* Base */ = {isa = PBXFileReference; lastKnownFileType = file.storyboard; name = Base; path = Base.lproj/LaunchScreen.storyboard; sourceTree = "<group>"; };
		1691C9851EC1DD0800758BCF /* Info.plist */ = {isa = PBXFileReference; lastKnownFileType = text.plist.xml; path = Info.plist; sourceTree = "<group>"; };
		1691C98B1EC1DE5000758BCF /* PSConstants.swift */ = {isa = PBXFileReference; fileEncoding = 4; lastKnownFileType = sourcecode.swift; path = PSConstants.swift; sourceTree = "<group>"; };
		1691C98D1EC1E32A00758BCF /* StudentLocation.swift */ = {isa = PBXFileReference; fileEncoding = 4; lastKnownFileType = sourcecode.swift; path = StudentLocation.swift; sourceTree = "<group>"; };
		1691C98F1EC226FB00758BCF /* UDClient.swift */ = {isa = PBXFileReference; fileEncoding = 4; lastKnownFileType = sourcecode.swift; path = UDClient.swift; sourceTree = "<group>"; };
		1691C9911EC2273400758BCF /* PSClient.swift */ = {isa = PBXFileReference; fileEncoding = 4; lastKnownFileType = sourcecode.swift; path = PSClient.swift; sourceTree = "<group>"; };
		16F940921ED496C00070F9C7 /* UMNetworking.swift */ = {isa = PBXFileReference; fileEncoding = 4; lastKnownFileType = sourcecode.swift; path = UMNetworking.swift; sourceTree = "<group>"; };
		16F940941ED4BA9D0070F9C7 /* UdacitySession.swift */ = {isa = PBXFileReference; fileEncoding = 4; lastKnownFileType = sourcecode.swift; path = UdacitySession.swift; sourceTree = "<group>"; };
		16FD229E1ED5A0E600D49960 /* OMData.swift */ = {isa = PBXFileReference; fileEncoding = 4; lastKnownFileType = sourcecode.swift; path = OMData.swift; sourceTree = "<group>"; };
		16FD22A01ED5DFF900D49960 /* Constants.swift */ = {isa = PBXFileReference; fileEncoding = 4; lastKnownFileType = sourcecode.swift; path = Constants.swift; sourceTree = "<group>"; };
		A87427BCED33A1F0EAE5CA3F /* Pods-udacity-on-the-map.debug.xcconfig */ = {isa = PBXFileReference; includeInIndex = 1; lastKnownFileType = text.xcconfig; name = "Pods-udacity-on-the-map.debug.xcconfig"; path = "Pods/Target Support Files/Pods-udacity-on-the-map/Pods-udacity-on-the-map.debug.xcconfig"; sourceTree = "<group>"; };
		AE297211CA51B30C3C67A62F /* Pods-udacity-on-the-map.release.xcconfig */ = {isa = PBXFileReference; includeInIndex = 1; lastKnownFileType = text.xcconfig; name = "Pods-udacity-on-the-map.release.xcconfig"; path = "Pods/Target Support Files/Pods-udacity-on-the-map/Pods-udacity-on-the-map.release.xcconfig"; sourceTree = "<group>"; };
		EA83F37936D37F3191BBA66B /* Pods_udacity_on_the_map.framework */ = {isa = PBXFileReference; explicitFileType = wrapper.framework; includeInIndex = 0; path = Pods_udacity_on_the_map.framework; sourceTree = BUILT_PRODUCTS_DIR; };
/* End PBXFileReference section */

/* Begin PBXFrameworksBuildPhase section */
		1691C9731EC1DD0800758BCF /* Frameworks */ = {
			isa = PBXFrameworksBuildPhase;
			buildActionMask = 2147483647;
			files = (
				83F417E34152EC8DD47C8FEA /* Pods_udacity_on_the_map.framework in Frameworks */,
			);
			runOnlyForDeploymentPostprocessing = 0;
		};
/* End PBXFrameworksBuildPhase section */

/* Begin PBXGroup section */
		160C99561EC3F5F0008B0399 /* Model */ = {
			isa = PBXGroup;
			children = (
				1691C98D1EC1E32A00758BCF /* StudentLocation.swift */,
				160A9EF61ED21DF800933F7E /* UdacityUser.swift */,
				16F940941ED4BA9D0070F9C7 /* UdacitySession.swift */,
				16FD229E1ED5A0E600D49960 /* OMData.swift */,
			);
			name = Model;
			sourceTree = "<group>";
		};
		160C99571EC3F5FA008B0399 /* UDClient */ = {
			isa = PBXGroup;
			children = (
				1691C98F1EC226FB00758BCF /* UDClient.swift */,
				160C99591EC3F628008B0399 /* UDConstants.swift */,
			);
			name = UDClient;
			sourceTree = "<group>";
		};
		160C99581EC3F604008B0399 /* PSClient */ = {
			isa = PBXGroup;
			children = (
				1691C9911EC2273400758BCF /* PSClient.swift */,
				1691C98B1EC1DE5000758BCF /* PSConstants.swift */,
			);
			name = PSClient;
			sourceTree = "<group>";
		};
		160C995F1EC63932008B0399 /* Controller */ = {
			isa = PBXGroup;
			children = (
				1691C97B1EC1DD0800758BCF /* LoginViewController.swift */,
				160A9EF41ED203D900933F7E /* ManagerViewController.swift */,
				160C995D1EC63926008B0399 /* MapViewController.swift */,
				160C99601EC640BA008B0399 /* ListViewController.swift */,
				163045371ED1391400FC518F /* FindLocationViewController.swift */,
			);
			name = Controller;
			sourceTree = "<group>";
		};
		1691C96D1EC1DD0800758BCF = {
			isa = PBXGroup;
			children = (
				1691C9781EC1DD0800758BCF /* udacity-on-the-map */,
				1691C9771EC1DD0800758BCF /* Products */,
				DF94E29487FAE26206D0D41C /* Pods */,
				F07BAC45B48CA3FC8395CEDF /* Frameworks */,
			);
			sourceTree = "<group>";
		};
		1691C9771EC1DD0800758BCF /* Products */ = {
			isa = PBXGroup;
			children = (
				1691C9761EC1DD0800758BCF /* udacity-on-the-map.app */,
			);
			name = Products;
			sourceTree = "<group>";
		};
		1691C9781EC1DD0800758BCF /* udacity-on-the-map */ = {
			isa = PBXGroup;
			children = (
				1691C9791EC1DD0800758BCF /* AppDelegate.swift */,
				16FD22A01ED5DFF900D49960 /* Constants.swift */,
				16F940961ED4E3FF0070F9C7 /* Networking */,
				160C995F1EC63932008B0399 /* Controller */,
				160C99561EC3F5F0008B0399 /* Model */,
				1691C97D1EC1DD0800758BCF /* Main.storyboard */,
				160C995B1EC634E6008B0399 /* Assets.xcassets */,
				1691C9821EC1DD0800758BCF /* LaunchScreen.storyboard */,
				1691C9851EC1DD0800758BCF /* Info.plist */,
			);
			path = "udacity-on-the-map";
			sourceTree = "<group>";
		};
		16F940961ED4E3FF0070F9C7 /* Networking */ = {
			isa = PBXGroup;
			children = (
				16F940921ED496C00070F9C7 /* UMNetworking.swift */,
				160C99571EC3F5FA008B0399 /* UDClient */,
				160C99581EC3F604008B0399 /* PSClient */,
			);
			name = Networking;
			sourceTree = "<group>";
		};
		DF94E29487FAE26206D0D41C /* Pods */ = {
			isa = PBXGroup;
			children = (
				A87427BCED33A1F0EAE5CA3F /* Pods-udacity-on-the-map.debug.xcconfig */,
				AE297211CA51B30C3C67A62F /* Pods-udacity-on-the-map.release.xcconfig */,
			);
			name = Pods;
			sourceTree = "<group>";
		};
		F07BAC45B48CA3FC8395CEDF /* Frameworks */ = {
			isa = PBXGroup;
			children = (
				EA83F37936D37F3191BBA66B /* Pods_udacity_on_the_map.framework */,
			);
			name = Frameworks;
			sourceTree = "<group>";
		};
/* End PBXGroup section */

/* Begin PBXNativeTarget section */
		1691C9751EC1DD0800758BCF /* udacity-on-the-map */ = {
			isa = PBXNativeTarget;
			buildConfigurationList = 1691C9881EC1DD0800758BCF /* Build configuration list for PBXNativeTarget "udacity-on-the-map" */;
			buildPhases = (
				5350A5C823D7569C5F79A48E /* [CP] Check Pods Manifest.lock */,
				1691C9721EC1DD0800758BCF /* Sources */,
				1691C9731EC1DD0800758BCF /* Frameworks */,
				1691C9741EC1DD0800758BCF /* Resources */,
				8D0174160D82B3D2A7E1A24B /* [CP] Embed Pods Frameworks */,
				9225C4B1C8EECB0DCEE6362C /* [CP] Copy Pods Resources */,
			);
			buildRules = (
			);
			dependencies = (
			);
			name = "udacity-on-the-map";
			productName = "udacity-on-the-map";
			productReference = 1691C9761EC1DD0800758BCF /* udacity-on-the-map.app */;
			productType = "com.apple.product-type.application";
		};
/* End PBXNativeTarget section */

/* Begin PBXProject section */
		1691C96E1EC1DD0800758BCF /* Project object */ = {
			isa = PBXProject;
			attributes = {
				LastSwiftUpdateCheck = 0830;
				LastUpgradeCheck = 0830;
				ORGANIZATIONNAME = "Idelfonso Gutierrez Jr.";
				TargetAttributes = {
					1691C9751EC1DD0800758BCF = {
						CreatedOnToolsVersion = 8.3.1;
						DevelopmentTeam = M74HARNN5W;
						ProvisioningStyle = Automatic;
					};
				};
			};
			buildConfigurationList = 1691C9711EC1DD0800758BCF /* Build configuration list for PBXProject "udacity-on-the-map" */;
			compatibilityVersion = "Xcode 3.2";
			developmentRegion = English;
			hasScannedForEncodings = 0;
			knownRegions = (
				en,
				Base,
			);
			mainGroup = 1691C96D1EC1DD0800758BCF;
			productRefGroup = 1691C9771EC1DD0800758BCF /* Products */;
			projectDirPath = "";
			projectRoot = "";
			targets = (
				1691C9751EC1DD0800758BCF /* udacity-on-the-map */,
			);
		};
/* End PBXProject section */

/* Begin PBXResourcesBuildPhase section */
		1691C9741EC1DD0800758BCF /* Resources */ = {
			isa = PBXResourcesBuildPhase;
			buildActionMask = 2147483647;
			files = (
				1691C9841EC1DD0800758BCF /* LaunchScreen.storyboard in Resources */,
				160C995C1EC634E6008B0399 /* Assets.xcassets in Resources */,
				1691C97F1EC1DD0800758BCF /* Main.storyboard in Resources */,
			);
			runOnlyForDeploymentPostprocessing = 0;
		};
/* End PBXResourcesBuildPhase section */

/* Begin PBXShellScriptBuildPhase section */
		5350A5C823D7569C5F79A48E /* [CP] Check Pods Manifest.lock */ = {
			isa = PBXShellScriptBuildPhase;
			buildActionMask = 2147483647;
			files = (
			);
			inputPaths = (
			);
			name = "[CP] Check Pods Manifest.lock";
			outputPaths = (
			);
			runOnlyForDeploymentPostprocessing = 0;
			shellPath = /bin/sh;
			shellScript = "diff \"${PODS_ROOT}/../Podfile.lock\" \"${PODS_ROOT}/Manifest.lock\" > /dev/null\nif [ $? != 0 ] ; then\n    # print error to STDERR\n    echo \"error: The sandbox is not in sync with the Podfile.lock. Run 'pod install' or update your CocoaPods installation.\" >&2\n    exit 1\nfi\n";
			showEnvVarsInLog = 0;
		};
		8D0174160D82B3D2A7E1A24B /* [CP] Embed Pods Frameworks */ = {
			isa = PBXShellScriptBuildPhase;
			buildActionMask = 2147483647;
			files = (
			);
			inputPaths = (
			);
			name = "[CP] Embed Pods Frameworks";
			outputPaths = (
			);
			runOnlyForDeploymentPostprocessing = 0;
			shellPath = /bin/sh;
			shellScript = "\"${SRCROOT}/Pods/Target Support Files/Pods-udacity-on-the-map/Pods-udacity-on-the-map-frameworks.sh\"\n";
			showEnvVarsInLog = 0;
		};
		9225C4B1C8EECB0DCEE6362C /* [CP] Copy Pods Resources */ = {
			isa = PBXShellScriptBuildPhase;
			buildActionMask = 2147483647;
			files = (
			);
			inputPaths = (
			);
			name = "[CP] Copy Pods Resources";
			outputPaths = (
			);
			runOnlyForDeploymentPostprocessing = 0;
			shellPath = /bin/sh;
			shellScript = "\"${SRCROOT}/Pods/Target Support Files/Pods-udacity-on-the-map/Pods-udacity-on-the-map-resources.sh\"\n";
			showEnvVarsInLog = 0;
		};
/* End PBXShellScriptBuildPhase section */

/* Begin PBXSourcesBuildPhase section */
		1691C9721EC1DD0800758BCF /* Sources */ = {
			isa = PBXSourcesBuildPhase;
			buildActionMask = 2147483647;
			files = (
				1691C9901EC226FB00758BCF /* UDClient.swift in Sources */,
				16F940951ED4BA9D0070F9C7 /* UdacitySession.swift in Sources */,
				1691C9921EC2273400758BCF /* PSClient.swift in Sources */,
				1691C98E1EC1E32A00758BCF /* StudentLocation.swift in Sources */,
				1691C97C1EC1DD0800758BCF /* LoginViewController.swift in Sources */,
				160C995E1EC63926008B0399 /* MapViewController.swift in Sources */,
				160C99611EC640BA008B0399 /* ListViewController.swift in Sources */,
				16FD22A11ED5DFF900D49960 /* Constants.swift in Sources */,
				1691C97A1EC1DD0800758BCF /* AppDelegate.swift in Sources */,
				1691C98C1EC1DE5000758BCF /* PSConstants.swift in Sources */,
				160A9EF71ED21DF800933F7E /* UdacityUser.swift in Sources */,
				16FD229F1ED5A0E600D49960 /* OMData.swift in Sources */,
				16F940931ED496C00070F9C7 /* UMNetworking.swift in Sources */,
				160A9EF51ED203D900933F7E /* ManagerViewController.swift in Sources */,
				163045381ED1391400FC518F /* FindLocationViewController.swift in Sources */,
				160C995A1EC3F628008B0399 /* UDConstants.swift in Sources */,
			);
			runOnlyForDeploymentPostprocessing = 0;
		};
/* End PBXSourcesBuildPhase section */

/* Begin PBXVariantGroup section */
		1691C97D1EC1DD0800758BCF /* Main.storyboard */ = {
			isa = PBXVariantGroup;
			children = (
				1691C97E1EC1DD0800758BCF /* Base */,
			);
			name = Main.storyboard;
			sourceTree = "<group>";
		};
		1691C9821EC1DD0800758BCF /* LaunchScreen.storyboard */ = {
			isa = PBXVariantGroup;
			children = (
				1691C9831EC1DD0800758BCF /* Base */,
			);
			name = LaunchScreen.storyboard;
			sourceTree = "<group>";
		};
/* End PBXVariantGroup section */

/* Begin XCBuildConfiguration section */
		1691C9861EC1DD0800758BCF /* Debug */ = {
			isa = XCBuildConfiguration;
			buildSettings = {
				ALWAYS_SEARCH_USER_PATHS = NO;
				CLANG_ANALYZER_NONNULL = YES;
				CLANG_ANALYZER_NUMBER_OBJECT_CONVERSION = YES_AGGRESSIVE;
				CLANG_CXX_LANGUAGE_STANDARD = "gnu++0x";
				CLANG_CXX_LIBRARY = "libc++";
				CLANG_ENABLE_MODULES = YES;
				CLANG_ENABLE_OBJC_ARC = YES;
				CLANG_WARN_BOOL_CONVERSION = YES;
				CLANG_WARN_CONSTANT_CONVERSION = YES;
				CLANG_WARN_DIRECT_OBJC_ISA_USAGE = YES_ERROR;
				CLANG_WARN_DOCUMENTATION_COMMENTS = YES;
				CLANG_WARN_EMPTY_BODY = YES;
				CLANG_WARN_ENUM_CONVERSION = YES;
				CLANG_WARN_INFINITE_RECURSION = YES;
				CLANG_WARN_INT_CONVERSION = YES;
				CLANG_WARN_OBJC_ROOT_CLASS = YES_ERROR;
				CLANG_WARN_SUSPICIOUS_MOVE = YES;
				CLANG_WARN_UNREACHABLE_CODE = YES;
				CLANG_WARN__DUPLICATE_METHOD_MATCH = YES;
				"CODE_SIGN_IDENTITY[sdk=iphoneos*]" = "iPhone Developer";
				COPY_PHASE_STRIP = NO;
				DEBUG_INFORMATION_FORMAT = dwarf;
				ENABLE_STRICT_OBJC_MSGSEND = YES;
				ENABLE_TESTABILITY = YES;
				GCC_C_LANGUAGE_STANDARD = gnu99;
				GCC_DYNAMIC_NO_PIC = NO;
				GCC_NO_COMMON_BLOCKS = YES;
				GCC_OPTIMIZATION_LEVEL = 0;
				GCC_PREPROCESSOR_DEFINITIONS = (
					"DEBUG=1",
					"$(inherited)",
				);
				GCC_WARN_64_TO_32_BIT_CONVERSION = YES;
				GCC_WARN_ABOUT_RETURN_TYPE = YES_ERROR;
				GCC_WARN_UNDECLARED_SELECTOR = YES;
				GCC_WARN_UNINITIALIZED_AUTOS = YES_AGGRESSIVE;
				GCC_WARN_UNUSED_FUNCTION = YES;
				GCC_WARN_UNUSED_VARIABLE = YES;
				IPHONEOS_DEPLOYMENT_TARGET = 10.3;
				MTL_ENABLE_DEBUG_INFO = YES;
				ONLY_ACTIVE_ARCH = YES;
				SDKROOT = iphoneos;
				SWIFT_ACTIVE_COMPILATION_CONDITIONS = DEBUG;
				SWIFT_OPTIMIZATION_LEVEL = "-Onone";
				TARGETED_DEVICE_FAMILY = "1,2";
			};
			name = Debug;
		};
		1691C9871EC1DD0800758BCF /* Release */ = {
			isa = XCBuildConfiguration;
			buildSettings = {
				ALWAYS_SEARCH_USER_PATHS = NO;
				CLANG_ANALYZER_NONNULL = YES;
				CLANG_ANALYZER_NUMBER_OBJECT_CONVERSION = YES_AGGRESSIVE;
				CLANG_CXX_LANGUAGE_STANDARD = "gnu++0x";
				CLANG_CXX_LIBRARY = "libc++";
				CLANG_ENABLE_MODULES = YES;
				CLANG_ENABLE_OBJC_ARC = YES;
				CLANG_WARN_BOOL_CONVERSION = YES;
				CLANG_WARN_CONSTANT_CONVERSION = YES;
				CLANG_WARN_DIRECT_OBJC_ISA_USAGE = YES_ERROR;
				CLANG_WARN_DOCUMENTATION_COMMENTS = YES;
				CLANG_WARN_EMPTY_BODY = YES;
				CLANG_WARN_ENUM_CONVERSION = YES;
				CLANG_WARN_INFINITE_RECURSION = YES;
				CLANG_WARN_INT_CONVERSION = YES;
				CLANG_WARN_OBJC_ROOT_CLASS = YES_ERROR;
				CLANG_WARN_SUSPICIOUS_MOVE = YES;
				CLANG_WARN_UNREACHABLE_CODE = YES;
				CLANG_WARN__DUPLICATE_METHOD_MATCH = YES;
				"CODE_SIGN_IDENTITY[sdk=iphoneos*]" = "iPhone Developer";
				COPY_PHASE_STRIP = NO;
				DEBUG_INFORMATION_FORMAT = "dwarf-with-dsym";
				ENABLE_NS_ASSERTIONS = NO;
				ENABLE_STRICT_OBJC_MSGSEND = YES;
				GCC_C_LANGUAGE_STANDARD = gnu99;
				GCC_NO_COMMON_BLOCKS = YES;
				GCC_WARN_64_TO_32_BIT_CONVERSION = YES;
				GCC_WARN_ABOUT_RETURN_TYPE = YES_ERROR;
				GCC_WARN_UNDECLARED_SELECTOR = YES;
				GCC_WARN_UNINITIALIZED_AUTOS = YES_AGGRESSIVE;
				GCC_WARN_UNUSED_FUNCTION = YES;
				GCC_WARN_UNUSED_VARIABLE = YES;
				IPHONEOS_DEPLOYMENT_TARGET = 10.3;
				MTL_ENABLE_DEBUG_INFO = NO;
				SDKROOT = iphoneos;
				SWIFT_OPTIMIZATION_LEVEL = "-Owholemodule";
				TARGETED_DEVICE_FAMILY = "1,2";
				VALIDATE_PRODUCT = YES;
			};
			name = Release;
		};
		1691C9891EC1DD0800758BCF /* Debug */ = {
			isa = XCBuildConfiguration;
			baseConfigurationReference = A87427BCED33A1F0EAE5CA3F /* Pods-udacity-on-the-map.debug.xcconfig */;
			buildSettings = {
				ASSETCATALOG_COMPILER_APPICON_NAME = AppIcon;
				DEVELOPMENT_TEAM = M74HARNN5W;
				INFOPLIST_FILE = "udacity-on-the-map/Info.plist";
				LD_RUNPATH_SEARCH_PATHS = "$(inherited) @executable_path/Frameworks";
				PRODUCT_BUNDLE_IDENTIFIER = "com.idelfonso.udacity-on-the-map";
				PRODUCT_NAME = "$(TARGET_NAME)";
				SWIFT_VERSION = 3.0;
			};
			name = Debug;
		};
		1691C98A1EC1DD0800758BCF /* Release */ = {
			isa = XCBuildConfiguration;
			baseConfigurationReference = AE297211CA51B30C3C67A62F /* Pods-udacity-on-the-map.release.xcconfig */;
			buildSettings = {
				ASSETCATALOG_COMPILER_APPICON_NAME = AppIcon;
				DEVELOPMENT_TEAM = M74HARNN5W;
				INFOPLIST_FILE = "udacity-on-the-map/Info.plist";
				LD_RUNPATH_SEARCH_PATHS = "$(inherited) @executable_path/Frameworks";
				PRODUCT_BUNDLE_IDENTIFIER = "com.idelfonso.udacity-on-the-map";
				PRODUCT_NAME = "$(TARGET_NAME)";
				SWIFT_VERSION = 3.0;
			};
			name = Release;
		};
/* End XCBuildConfiguration section */

/* Begin XCConfigurationList section */
		1691C9711EC1DD0800758BCF /* Build configuration list for PBXProject "udacity-on-the-map" */ = {
			isa = XCConfigurationList;
			buildConfigurations = (
				1691C9861EC1DD0800758BCF /* Debug */,
				1691C9871EC1DD0800758BCF /* Release */,
			);
			defaultConfigurationIsVisible = 0;
			defaultConfigurationName = Release;
		};
		1691C9881EC1DD0800758BCF /* Build configuration list for PBXNativeTarget "udacity-on-the-map" */ = {
			isa = XCConfigurationList;
			buildConfigurations = (
				1691C9891EC1DD0800758BCF /* Debug */,
				1691C98A1EC1DD0800758BCF /* Release */,
			);
			defaultConfigurationIsVisible = 0;
			defaultConfigurationName = Release;
		};
/* End XCConfigurationList section */
	};
	rootObject = 1691C96E1EC1DD0800758BCF /* Project object */;
}
